
Microsoft Visual Studio Solution File, Format Version 12.00
# Visual Studio Version 17
VisualStudioVersion = 17.7.34024.191
MinimumVisualStudioVersion = 10.0.40219.1
Project("{FAE04EC0-301F-11D3-BF4B-00C04F79EFBC}") = "WebDuLich", "WebDuLich\WebDuLich.csproj", "{81976E90-13CA-4DBC-B22D-7D58FBE3E8AF}"
EndProject
Project("{FAE04EC0-301F-11D3-BF4B-00C04F79EFBC}") = "MyClass", "MyClass\MyClass.csproj", "{A84BB496-569F-49AD-B0CB-DD173E1C6EE4}"
EndProject
Global
	GlobalSection(SolutionConfigurationPlatforms) = preSolution
		Debug|Any CPU = Debug|Any CPU
		Release|Any CPU = Release|Any CPU
	EndGlobalSection
	GlobalSection(ProjectConfigurationPlatforms) = postSolution
		{81976E90-13CA-4DBC-B22D-7D58FBE3E8AF}.Debug|Any CPU.ActiveCfg = Debug|Any CPU
		{81976E90-13CA-4DBC-B22D-7D58FBE3E8AF}.Debug|Any CPU.Build.0 = Debug|Any CPU
		{81976E90-13CA-4DBC-B22D-7D58FBE3E8AF}.Release|Any CPU.ActiveCfg = Release|Any CPU
		{81976E90-13CA-4DBC-B22D-7D58FBE3E8AF}.Release|Any CPU.Build.0 = Release|Any CPU
		{A84BB496-569F-49AD-B0CB-DD173E1C6EE4}.Debug|Any CPU.ActiveCfg = Debug|Any CPU
		{A84BB496-569F-49AD-B0CB-DD173E1C6EE4}.Debug|Any CPU.Build.0 = Debug|Any CPU
		{A84BB496-569F-49AD-B0CB-DD173E1C6EE4}.Release|Any CPU.ActiveCfg = Release|Any CPU
		{A84BB496-569F-49AD-B0CB-DD173E1C6EE4}.Release|Any CPU.Build.0 = Release|Any CPU
	EndGlobalSection
	GlobalSection(SolutionProperties) = preSolution
		HideSolutionNode = FALSE
	EndGlobalSection
	GlobalSection(ExtensibilityGlobals) = postSolution
		SolutionGuid = {B87E44BA-CA15-4BB7-9191-04047F566338}
	EndGlobalSection
EndGlobal
